
Microsoft Visual Studio Solution File, Format Version 12.00
# Visual Studio Version 16
VisualStudioVersion = 16.0.30804.86
MinimumVisualStudioVersion = 10.0.40219.1
Project("{FAE04EC0-301F-11D3-BF4B-00C04F79EFBC}") = "flowerDetail", "flowerDetail\flowerDetail.csproj", "{83AEACAF-1C3C-4263-860F-1F95E6361215}"
EndProject
Project("{FAE04EC0-301F-11D3-BF4B-00C04F79EFBC}") = "BLL", "BLL\BLL.csproj", "{3375C755-DFB8-40B6-A44A-4F1FB219982C}"
EndProject
Project("{FAE04EC0-301F-11D3-BF4B-00C04F79EFBC}") = "DAL", "DAL\DAL.csproj", "{4B09E5E8-9E34-4C1B-BF0C-826597DC8467}"
EndProject
Global
	GlobalSection(SolutionConfigurationPlatforms) = preSolution
		Debug|Any CPU = Debug|Any CPU
		Release|Any CPU = Release|Any CPU
	EndGlobalSection
	GlobalSection(ProjectConfigurationPlatforms) = postSolution
		{83AEACAF-1C3C-4263-860F-1F95E6361215}.Debug|Any CPU.ActiveCfg = Debug|Any CPU
		{83AEACAF-1C3C-4263-860F-1F95E6361215}.Debug|Any CPU.Build.0 = Debug|Any CPU
		{83AEACAF-1C3C-4263-860F-1F95E6361215}.Release|Any CPU.ActiveCfg = Release|Any CPU
		{83AEACAF-1C3C-4263-860F-1F95E6361215}.Release|Any CPU.Build.0 = Release|Any CPU
		{3375C755-DFB8-40B6-A44A-4F1FB219982C}.Debug|Any CPU.ActiveCfg = Debug|Any CPU
		{3375C755-DFB8-40B6-A44A-4F1FB219982C}.Debug|Any CPU.Build.0 = Debug|Any CPU
		{3375C755-DFB8-40B6-A44A-4F1FB219982C}.Release|Any CPU.ActiveCfg = Release|Any CPU
		{3375C755-DFB8-40B6-A44A-4F1FB219982C}.Release|Any CPU.Build.0 = Release|Any CPU
		{4B09E5E8-9E34-4C1B-BF0C-826597DC8467}.Debug|Any CPU.ActiveCfg = Debug|Any CPU
		{4B09E5E8-9E34-4C1B-BF0C-826597DC8467}.Debug|Any CPU.Build.0 = Debug|Any CPU
		{4B09E5E8-9E34-4C1B-BF0C-826597DC8467}.Release|Any CPU.ActiveCfg = Release|Any CPU
		{4B09E5E8-9E34-4C1B-BF0C-826597DC8467}.Release|Any CPU.Build.0 = Release|Any CPU
	EndGlobalSection
	GlobalSection(SolutionProperties) = preSolution
		HideSolutionNode = FALSE
	EndGlobalSection
	GlobalSection(ExtensibilityGlobals) = postSolution
		SolutionGuid = {A39E4961-4F99-4252-A320-552E36A5699E}
	EndGlobalSection
EndGlobal
